
Microsoft Visual Studio Solution File, Format Version 12.00
# Visual Studio Version 16
VisualStudioVersion = 16.0.31410.357
MinimumVisualStudioVersion = 10.0.40219.1
Project("{FAE04EC0-301F-11D3-BF4B-00C04F79EFBC}") = "MadLibs", "MadLibs\MadLibs.csproj", "{AE27CED9-B8F4-4CAB-B4CD-E42F224000D3}"
EndProject
Global
	GlobalSection(SolutionConfigurationPlatforms) = preSolution
		Debug|Any CPU = Debug|Any CPU
		Release|Any CPU = Release|Any CPU
	EndGlobalSection
	GlobalSection(ProjectConfigurationPlatforms) = postSolution
		{AE27CED9-B8F4-4CAB-B4CD-E42F224000D3}.Debug|Any CPU.ActiveCfg = Debug|Any CPU
		{AE27CED9-B8F4-4CAB-B4CD-E42F224000D3}.Debug|Any CPU.Build.0 = Debug|Any CPU
		{AE27CED9-B8F4-4CAB-B4CD-E42F224000D3}.Release|Any CPU.ActiveCfg = Release|Any CPU
		{AE27CED9-B8F4-4CAB-B4CD-E42F224000D3}.Release|Any CPU.Build.0 = Release|Any CPU
	EndGlobalSection
	GlobalSection(SolutionProperties) = preSolution
		HideSolutionNode = FALSE
	EndGlobalSection
	GlobalSection(ExtensibilityGlobals) = postSolution
		SolutionGuid = {C9AD9DEB-A41F-48E9-89A2-F0BED683AF5D}
	EndGlobalSection
EndGlobal
